[root]
name = "lang"
version = "0.0.1"
dependencies = [
 "lambdas 0.0.1 (git+https://github.com/mystor/lambda-macro.git#5342f926700cffe74a1d3a2f83dc11f2b5d06d71)",
]

[[package]]
name = "lambdas"
version = "0.0.1"
source = "git+https://github.com/mystor/lambda-macro.git#5342f926700cffe74a1d3a2f83dc11f2b5d06d71"

