[root]
name = "ducky"
version = "0.0.1"
dependencies = [
 "string_cache 0.0.0 (git+https://github.com/mystor/string-cache.git?ref=std-sync)",
]

[[package]]
name = "gcc"
version = "0.1.0"
source = "registry+https://github.com/rust-lang/crates.io-index"

[[package]]
name = "lazy_static"
version = "0.1.0"
source = "git+https://github.com/Kimundi/lazy-static.rs#76f06e4fa7bc8c92f11d1def19bd4ddfd8017cd8"

[[package]]
name = "phf"
version = "0.2.0"
source = "registry+https://github.com/rust-lang/crates.io-index"
dependencies = [
 "phf_shared 0.2.0 (registry+https://github.com/rust-lang/crates.io-index)",
]

[[package]]
name = "phf_mac"
version = "0.2.0"
source = "registry+https://github.com/rust-lang/crates.io-index"
dependencies = [
 "phf_shared 0.2.0 (registry+https://github.com/rust-lang/crates.io-index)",
 "time 0.1.1 (registry+https://github.com/rust-lang/crates.io-index)",
]

[[package]]
name = "phf_shared"
version = "0.2.0"
source = "registry+https://github.com/rust-lang/crates.io-index"
dependencies = [
 "xxhash 0.0.1 (registry+https://github.com/rust-lang/crates.io-index)",
]

[[package]]
name = "string_cache"
version = "0.0.0"
source = "git+https://github.com/mystor/string-cache.git?ref=std-sync#bf93b93cee570ccb0bd40e3c7f6c4f7a77b94631"
dependencies = [
 "lazy_static 0.1.0 (git+https://github.com/Kimundi/lazy-static.rs)",
 "phf 0.2.0 (registry+https://github.com/rust-lang/crates.io-index)",
 "phf_mac 0.2.0 (registry+https://github.com/rust-lang/crates.io-index)",
 "string_cache_macros 0.0.0 (git+https://github.com/mystor/string-cache.git?ref=std-sync)",
 "xxhash 0.0.1 (registry+https://github.com/rust-lang/crates.io-index)",
]

[[package]]
name = "string_cache_macros"
version = "0.0.0"
source = "git+https://github.com/mystor/string-cache.git?ref=std-sync#bf93b93cee570ccb0bd40e3c7f6c4f7a77b94631"
dependencies = [
 "lazy_static 0.1.0 (git+https://github.com/Kimundi/lazy-static.rs)",
]

[[package]]
name = "time"
version = "0.1.1"
source = "registry+https://github.com/rust-lang/crates.io-index"
dependencies = [
 "gcc 0.1.0 (registry+https://github.com/rust-lang/crates.io-index)",
]

[[package]]
name = "xxhash"
version = "0.0.1"
source = "registry+https://github.com/rust-lang/crates.io-index"

